
Microsoft Visual Studio Solution File, Format Version 12.00
# Visual Studio Version 17
VisualStudioVersion = 17.3.32922.545
MinimumVisualStudioVersion = 10.0.40219.1
Project("{FAE04EC0-301F-11D3-BF4B-00C04F79EFBC}") = "RomanToInteger", "RomanToInteger\RomanToInteger.csproj", "{68E1BCB9-DB23-4562-8CEE-684370691C46}"
EndProject
Global
	GlobalSection(SolutionConfigurationPlatforms) = preSolution
		Debug|Any CPU = Debug|Any CPU
		Release|Any CPU = Release|Any CPU
	EndGlobalSection
	GlobalSection(ProjectConfigurationPlatforms) = postSolution
		{68E1BCB9-DB23-4562-8CEE-684370691C46}.Debug|Any CPU.ActiveCfg = Debug|Any CPU
		{68E1BCB9-DB23-4562-8CEE-684370691C46}.Debug|Any CPU.Build.0 = Debug|Any CPU
		{68E1BCB9-DB23-4562-8CEE-684370691C46}.Release|Any CPU.ActiveCfg = Release|Any CPU
		{68E1BCB9-DB23-4562-8CEE-684370691C46}.Release|Any CPU.Build.0 = Release|Any CPU
	EndGlobalSection
	GlobalSection(SolutionProperties) = preSolution
		HideSolutionNode = FALSE
	EndGlobalSection
	GlobalSection(ExtensibilityGlobals) = postSolution
		SolutionGuid = {D1ECED2E-5F7D-41F5-BECB-98B7C5083F42}
	EndGlobalSection
EndGlobal
